
Microsoft Visual Studio Solution File, Format Version 12.00
# Visual Studio Version 17
VisualStudioVersion = 17.6.33815.320
MinimumVisualStudioVersion = 10.0.40219.1
Project("{9A19103F-16F7-4668-BE54-9A1E7A4F7556}") = "ProductsAPI.Services", "ProductsAPI.Services\ProductsAPI.Services.csproj", "{9BCB5B62-D00B-47AC-BE32-E97829FCE849}"
EndProject
Project("{2150E333-8FDC-42A3-9474-1A3956D46DE8}") = "DDD", "DDD", "{E852C9CE-4C49-4283-9C6E-1D99B4B1E20E}"
EndProject
Project("{2150E333-8FDC-42A3-9474-1A3956D46DE8}") = "API", "API", "{22D9D373-638C-4473-9F08-325B408DA1A8}"
EndProject
Project("{2150E333-8FDC-42A3-9474-1A3956D46DE8}") = "Application", "Application", "{B961CBAC-71FF-454C-BF6A-4FC0B8F4638C}"
EndProject
Project("{2150E333-8FDC-42A3-9474-1A3956D46DE8}") = "Domain", "Domain", "{FC02A664-FF4E-4F2D-BCB8-484BDD9BAE3C}"
EndProject
Project("{2150E333-8FDC-42A3-9474-1A3956D46DE8}") = "InfraStructure", "InfraStructure", "{F36DD842-6988-4341-B848-29CA48E4B2DC}"
EndProject
Project("{2150E333-8FDC-42A3-9474-1A3956D46DE8}") = "Test", "Test", "{DF98B4FF-0652-40F9-9184-AB322BCD5967}"
EndProject
Project("{9A19103F-16F7-4668-BE54-9A1E7A4F7556}") = "ProductsAPI.Application", "ProductsAPI.Application\ProductsAPI.Application.csproj", "{0A842111-A8A3-4DDE-BAA9-08E4615DEEEC}"
EndProject
Project("{9A19103F-16F7-4668-BE54-9A1E7A4F7556}") = "ProductsAPI.Domain", "ProductsAPI.Domain\ProductsAPI.Domain.csproj", "{F1C5F2A3-DA7C-4B0D-8B6F-EC7FDFA7177E}"
EndProject
Project("{9A19103F-16F7-4668-BE54-9A1E7A4F7556}") = "ProductsAPI.Infra.Data.SqlServer", "ProductsAPI.Infra.Data.SqlServer\ProductsAPI.Infra.Data.SqlServer.csproj", "{B4ED026D-38AF-47E8-A052-FEC5D3617BB9}"
EndProject
Project("{9A19103F-16F7-4668-BE54-9A1E7A4F7556}") = "ProductsAPI.Infra.Data.MongoDB", "ProductsAPI.Infra.Data.MongoDB\ProductsAPI.Infra.Data.MongoDB.csproj", "{4A257E0F-A422-4BD0-A42D-41ED59CCDEB6}"
EndProject
Project("{9A19103F-16F7-4668-BE54-9A1E7A4F7556}") = "ProductsAPI.Infra.IoC", "ProductsAPI.Infra.IoC\ProductsAPI.Infra.IoC.csproj", "{1BBEA1BE-155B-4BC2-99F8-A43F9E076CC0}"
EndProject
Project("{FAE04EC0-301F-11D3-BF4B-00C04F79EFBC}") = "ProductsAPI.Test", "ProductsAPI.Test\ProductsAPI.Test.csproj", "{7ADC8142-5699-46A5-9A06-49069839296D}"
EndProject
Global
	GlobalSection(SolutionConfigurationPlatforms) = preSolution
		Debug|Any CPU = Debug|Any CPU
		Release|Any CPU = Release|Any CPU
	EndGlobalSection
	GlobalSection(ProjectConfigurationPlatforms) = postSolution
		{9BCB5B62-D00B-47AC-BE32-E97829FCE849}.Debug|Any CPU.ActiveCfg = Debug|Any CPU
		{9BCB5B62-D00B-47AC-BE32-E97829FCE849}.Debug|Any CPU.Build.0 = Debug|Any CPU
		{9BCB5B62-D00B-47AC-BE32-E97829FCE849}.Release|Any CPU.ActiveCfg = Release|Any CPU
		{9BCB5B62-D00B-47AC-BE32-E97829FCE849}.Release|Any CPU.Build.0 = Release|Any CPU
		{0A842111-A8A3-4DDE-BAA9-08E4615DEEEC}.Debug|Any CPU.ActiveCfg = Debug|Any CPU
		{0A842111-A8A3-4DDE-BAA9-08E4615DEEEC}.Debug|Any CPU.Build.0 = Debug|Any CPU
		{0A842111-A8A3-4DDE-BAA9-08E4615DEEEC}.Release|Any CPU.ActiveCfg = Release|Any CPU
		{0A842111-A8A3-4DDE-BAA9-08E4615DEEEC}.Release|Any CPU.Build.0 = Release|Any CPU
		{F1C5F2A3-DA7C-4B0D-8B6F-EC7FDFA7177E}.Debug|Any CPU.ActiveCfg = Debug|Any CPU
		{F1C5F2A3-DA7C-4B0D-8B6F-EC7FDFA7177E}.Debug|Any CPU.Build.0 = Debug|Any CPU
		{F1C5F2A3-DA7C-4B0D-8B6F-EC7FDFA7177E}.Release|Any CPU.ActiveCfg = Release|Any CPU
		{F1C5F2A3-DA7C-4B0D-8B6F-EC7FDFA7177E}.Release|Any CPU.Build.0 = Release|Any CPU
		{B4ED026D-38AF-47E8-A052-FEC5D3617BB9}.Debug|Any CPU.ActiveCfg = Debug|Any CPU
		{B4ED026D-38AF-47E8-A052-FEC5D3617BB9}.Debug|Any CPU.Build.0 = Debug|Any CPU
		{B4ED026D-38AF-47E8-A052-FEC5D3617BB9}.Release|Any CPU.ActiveCfg = Release|Any CPU
		{B4ED026D-38AF-47E8-A052-FEC5D3617BB9}.Release|Any CPU.Build.0 = Release|Any CPU
		{4A257E0F-A422-4BD0-A42D-41ED59CCDEB6}.Debug|Any CPU.ActiveCfg = Debug|Any CPU
		{4A257E0F-A422-4BD0-A42D-41ED59CCDEB6}.Debug|Any CPU.Build.0 = Debug|Any CPU
		{4A257E0F-A422-4BD0-A42D-41ED59CCDEB6}.Release|Any CPU.ActiveCfg = Release|Any CPU
		{4A257E0F-A422-4BD0-A42D-41ED59CCDEB6}.Release|Any CPU.Build.0 = Release|Any CPU
		{1BBEA1BE-155B-4BC2-99F8-A43F9E076CC0}.Debug|Any CPU.ActiveCfg = Debug|Any CPU
		{1BBEA1BE-155B-4BC2-99F8-A43F9E076CC0}.Debug|Any CPU.Build.0 = Debug|Any CPU
		{1BBEA1BE-155B-4BC2-99F8-A43F9E076CC0}.Release|Any CPU.ActiveCfg = Release|Any CPU
		{1BBEA1BE-155B-4BC2-99F8-A43F9E076CC0}.Release|Any CPU.Build.0 = Release|Any CPU
		{7ADC8142-5699-46A5-9A06-49069839296D}.Debug|Any CPU.ActiveCfg = Debug|Any CPU
		{7ADC8142-5699-46A5-9A06-49069839296D}.Debug|Any CPU.Build.0 = Debug|Any CPU
		{7ADC8142-5699-46A5-9A06-49069839296D}.Release|Any CPU.ActiveCfg = Release|Any CPU
		{7ADC8142-5699-46A5-9A06-49069839296D}.Release|Any CPU.Build.0 = Release|Any CPU
	EndGlobalSection
	GlobalSection(SolutionProperties) = preSolution
		HideSolutionNode = FALSE
	EndGlobalSection
	GlobalSection(NestedProjects) = preSolution
		{9BCB5B62-D00B-47AC-BE32-E97829FCE849} = {22D9D373-638C-4473-9F08-325B408DA1A8}
		{B961CBAC-71FF-454C-BF6A-4FC0B8F4638C} = {E852C9CE-4C49-4283-9C6E-1D99B4B1E20E}
		{FC02A664-FF4E-4F2D-BCB8-484BDD9BAE3C} = {E852C9CE-4C49-4283-9C6E-1D99B4B1E20E}
		{F36DD842-6988-4341-B848-29CA48E4B2DC} = {E852C9CE-4C49-4283-9C6E-1D99B4B1E20E}
		{0A842111-A8A3-4DDE-BAA9-08E4615DEEEC} = {B961CBAC-71FF-454C-BF6A-4FC0B8F4638C}
		{F1C5F2A3-DA7C-4B0D-8B6F-EC7FDFA7177E} = {FC02A664-FF4E-4F2D-BCB8-484BDD9BAE3C}
		{B4ED026D-38AF-47E8-A052-FEC5D3617BB9} = {F36DD842-6988-4341-B848-29CA48E4B2DC}
		{4A257E0F-A422-4BD0-A42D-41ED59CCDEB6} = {F36DD842-6988-4341-B848-29CA48E4B2DC}
		{1BBEA1BE-155B-4BC2-99F8-A43F9E076CC0} = {F36DD842-6988-4341-B848-29CA48E4B2DC}
		{7ADC8142-5699-46A5-9A06-49069839296D} = {DF98B4FF-0652-40F9-9184-AB322BCD5967}
	EndGlobalSection
	GlobalSection(ExtensibilityGlobals) = postSolution
		SolutionGuid = {40D90939-26B5-432D-A9EC-7A637A723C5F}
	EndGlobalSection
EndGlobal
